<?xml version="1.0" encoding="UTF-8"?>
<Project ToolsVersion="14.0" xmlns="http://schemas.microsoft.com/developer/msbuild/2003">
  <ItemGroup>
    <CustomBuild Include="F:\Documents\Visual Studio 2015\Projects\Multitarget-tracker\vs2015\CMakeFiles\b4b88f357ba0b98b6e7bfdec4bce52aa\generate.stamp.rule">
      <Filter>CMake Rules</Filter>
    </CustomBuild>
  </ItemGroup>
  <ItemGroup>
    <Filter Include="CMake Rules">
      <UniqueIdentifier>{B0C256ED-4F37-3D9B-894C-5B7AF9FDBA56}</UniqueIdentifier>
    </Filter>
  </ItemGroup>
</Project>
