<?xml version="1.0" encoding="utf-8"?>
<Project ToolsVersion="4.0" xmlns="http://schemas.microsoft.com/developer/msbuild/2003">
  <ItemGroup>
    <Filter Include="Source Files">
      <UniqueIdentifier>{3D0AD0C1-6FE9-46C8-97A3-22DB237B1A42}</UniqueIdentifier>
    </Filter>
    <Filter Include="Header Files">
      <UniqueIdentifier>{AADD0250-322D-4582-9EFE-5FAC6EAC6553}</UniqueIdentifier>
    </Filter>
    <Filter Include="VIBE">
      <UniqueIdentifier>{3fd34e65-0dba-4af6-b885-5e1f9594adc1}</UniqueIdentifier>
    </Filter>
    <Filter Include="VIBE\Source">
      <UniqueIdentifier>{43b47f42-b52c-4e67-9a37-f494febcc1b3}</UniqueIdentifier>
    </Filter>
    <Filter Include="VIBE\Headers">
      <UniqueIdentifier>{53d35712-aaab-4bd8-b60a-442f74d0e5e5}</UniqueIdentifier>
    </Filter>
  </ItemGroup>
  <ItemGroup>
    <ClCompile Include="..\Tracker\Ctracker.cpp">
      <Filter>Source Files</Filter>
    </ClCompile>
    <ClCompile Include="..\Detector\Detector.cpp">
      <Filter>Source Files</Filter>
    </ClCompile>
    <ClCompile Include="..\HungarianAlg\HungarianAlg.cpp">
      <Filter>Source Files</Filter>
    </ClCompile>
    <ClCompile Include="..\KalmanFilter\Kalman.cpp">
      <Filter>Source Files</Filter>
    </ClCompile>
    <ClCompile Include="..\vibe_src\BackgroundSubtract.cpp">
      <Filter>VIBE</Filter>
    </ClCompile>
    <ClCompile Include="..\vibe_src\VIBE.cpp">
      <Filter>VIBE</Filter>
    </ClCompile>
    <ClCompile Include="..\main.cpp">
      <Filter>Source Files</Filter>
    </ClCompile>
  </ItemGroup>
  <ItemGroup>
    <ClInclude Include="..\Tracker\Ctracker.h">
      <Filter>Header Files</Filter>
    </ClInclude>
    <ClInclude Include="..\Detector\Detector.h">
      <Filter>Header Files</Filter>
    </ClInclude>
    <ClInclude Include="..\HungarianAlg\HungarianAlg.h">
      <Filter>Header Files</Filter>
    </ClInclude>
    <ClInclude Include="..\KalmanFilter\Kalman.h">
      <Filter>Header Files</Filter>
    </ClInclude>
    <ClInclude Include="..\vibe_src\BackgroundSubtract.h">
      <Filter>VIBE\Headers</Filter>
    </ClInclude>
    <ClInclude Include="..\vibe_src\OpencvInclude.h">
      <Filter>VIBE\Headers</Filter>
    </ClInclude>
    <ClInclude Include="..\vibe_src\VIBE.h">
      <Filter>VIBE\Headers</Filter>
    </ClInclude>
  </ItemGroup>
  <ItemGroup>
    <CustomBuild Include="..\CMakeLists.txt">
      <Filter>VIBE</Filter>
    </CustomBuild>
  </ItemGroup>
</Project>