Microsoft Visual Studio Solution File, Format Version 11.00
# Visual Studio 2010
Project("{8BC9CEB8-8B4A-11D0-8D11-00A0C91BC942}") = "ALL_BUILD", "ALL_BUILD.vcxproj", "{2240CB0E-92B6-4273-A8AB-3B6F89A2402C}"
	ProjectSection(ProjectDependencies) = postProject
		{F39345F3-2FB9-4237-A475-0F51F28AD0F6} = {F39345F3-2FB9-4237-A475-0F51F28AD0F6}
		{892247E3-4948-4EB7-8164-848CFB409616} = {892247E3-4948-4EB7-8164-848CFB409616}
	EndProjectSection
EndProject
Project("{8BC9CEB8-8B4A-11D0-8D11-00A0C91BC942}") = "ObjectTracker", "ObjectTracker.vcxproj", "{F39345F3-2FB9-4237-A475-0F51F28AD0F6}"
	ProjectSection(ProjectDependencies) = postProject
		{892247E3-4948-4EB7-8164-848CFB409616} = {892247E3-4948-4EB7-8164-848CFB409616}
	EndProjectSection
EndProject
Project("{8BC9CEB8-8B4A-11D0-8D11-00A0C91BC942}") = "ZERO_CHECK", "ZERO_CHECK.vcxproj", "{892247E3-4948-4EB7-8164-848CFB409616}"
	ProjectSection(ProjectDependencies) = postProject
	EndProjectSection
EndProject
Global
	GlobalSection(SolutionConfigurationPlatforms) = preSolution
		Debug|x64 = Debug|x64
		Release|x64 = Release|x64
		MinSizeRel|x64 = MinSizeRel|x64
		RelWithDebInfo|x64 = RelWithDebInfo|x64
	EndGlobalSection
	GlobalSection(ProjectConfigurationPlatforms) = postSolution
		{2240CB0E-92B6-4273-A8AB-3B6F89A2402C}.Debug|x64.ActiveCfg = Debug|x64
		{2240CB0E-92B6-4273-A8AB-3B6F89A2402C}.Release|x64.ActiveCfg = Release|x64
		{2240CB0E-92B6-4273-A8AB-3B6F89A2402C}.MinSizeRel|x64.ActiveCfg = MinSizeRel|x64
		{2240CB0E-92B6-4273-A8AB-3B6F89A2402C}.RelWithDebInfo|x64.ActiveCfg = RelWithDebInfo|x64
		{F39345F3-2FB9-4237-A475-0F51F28AD0F6}.Debug|x64.ActiveCfg = Debug|x64
		{F39345F3-2FB9-4237-A475-0F51F28AD0F6}.Debug|x64.Build.0 = Debug|x64
		{F39345F3-2FB9-4237-A475-0F51F28AD0F6}.Release|x64.ActiveCfg = Release|x64
		{F39345F3-2FB9-4237-A475-0F51F28AD0F6}.Release|x64.Build.0 = Release|x64
		{F39345F3-2FB9-4237-A475-0F51F28AD0F6}.MinSizeRel|x64.ActiveCfg = MinSizeRel|x64
		{F39345F3-2FB9-4237-A475-0F51F28AD0F6}.MinSizeRel|x64.Build.0 = MinSizeRel|x64
		{F39345F3-2FB9-4237-A475-0F51F28AD0F6}.RelWithDebInfo|x64.ActiveCfg = RelWithDebInfo|x64
		{F39345F3-2FB9-4237-A475-0F51F28AD0F6}.RelWithDebInfo|x64.Build.0 = RelWithDebInfo|x64
		{892247E3-4948-4EB7-8164-848CFB409616}.Debug|x64.ActiveCfg = Debug|x64
		{892247E3-4948-4EB7-8164-848CFB409616}.Debug|x64.Build.0 = Debug|x64
		{892247E3-4948-4EB7-8164-848CFB409616}.Release|x64.ActiveCfg = Release|x64
		{892247E3-4948-4EB7-8164-848CFB409616}.Release|x64.Build.0 = Release|x64
		{892247E3-4948-4EB7-8164-848CFB409616}.MinSizeRel|x64.ActiveCfg = MinSizeRel|x64
		{892247E3-4948-4EB7-8164-848CFB409616}.MinSizeRel|x64.Build.0 = MinSizeRel|x64
		{892247E3-4948-4EB7-8164-848CFB409616}.RelWithDebInfo|x64.ActiveCfg = RelWithDebInfo|x64
		{892247E3-4948-4EB7-8164-848CFB409616}.RelWithDebInfo|x64.Build.0 = RelWithDebInfo|x64
	EndGlobalSection
	GlobalSection(ExtensibilityGlobals) = postSolution
	EndGlobalSection
	GlobalSection(ExtensibilityAddIns) = postSolution
	EndGlobalSection
EndGlobal
